<?xml version="1.0" encoding="utf-8"?>
<Project ToolsVersion="4.0" xmlns="http://schemas.microsoft.com/developer/msbuild/2003">
  <ItemGroup>
    <Filter Include="Source Files">
      <UniqueIdentifier>{4FC737F1-C7A5-4376-A066-2A32D752A2FF}</UniqueIdentifier>
      <Extensions>cpp;c;cc;cxx;c++;cppm;ixx;def;odl;idl;hpj;bat;asm;asmx</Extensions>
    </Filter>
    <Filter Include="Header Files">
      <UniqueIdentifier>{93995380-89BD-4b04-88EB-625FBE52EBFB}</UniqueIdentifier>
      <Extensions>h;hh;hpp;hxx;h++;hm;inl;inc;ipp;xsd</Extensions>
    </Filter>
    <Filter Include="Resource Files">
      <UniqueIdentifier>{67DA6AB6-F800-4c08-8B7A-83BB121AAD01}</UniqueIdentifier>
      <Extensions>rc;ico;cur;bmp;dlg;rc2;rct;bin;rgs;gif;jpg;jpeg;jpe;resx;tiff;tif;png;wav;mfcribbon-ms</Extensions>
    </Filter>
    <Filter Include="shaders">
      <UniqueIdentifier>{4f41d816-8070-45f3-8099-afaaa572d297}</UniqueIdentifier>
    </Filter>
    <Filter Include="Textures">
      <UniqueIdentifier>{48747802-6c74-40c5-8218-73d721d05e2d}</UniqueIdentifier>
    </Filter>
  </ItemGroup>
  <ItemGroup>
    <ClCompile Include="C:\Users\40752\OneDrive\Desktop\dependecies\lib\glad.c">
      <Filter>Source Files</Filter>
    </ClCompile>
    <ClCompile Include="sources\city.cpp">
      <Filter>Source Files</Filter>
    </ClCompile>
    <ClCompile Include="sources\cube.cpp">
      <Filter>Source Files</Filter>
    </ClCompile>
    <ClCompile Include="sources\main.cpp">
      <Filter>Source Files</Filter>
    </ClCompile>
    <ClCompile Include="sources\model.cpp">
      <Filter>Source Files</Filter>
    </ClCompile>
    <ClCompile Include="sources\stb_image_impl.cpp">
      <Filter>Source Files</Filter>
    </ClCompile>
    <ClCompile Include="sources\terrain.cpp">
      <Filter>Source Files</Filter>
    </ClCompile>
    <ClCompile Include="sources\car.cpp">
      <Filter>Source Files</Filter>
    </ClCompile>
  </ItemGroup>
  <ItemGroup>
    <None Include=".gitignore" />
    <None Include="shaders\depth_fragment.glsl">
      <Filter>shaders</Filter>
    </None>
    <None Include="shaders\depth_vertex.glsl">
      <Filter>shaders</Filter>
    </None>
    <None Include="shaders\fragment_shader.glsl">
      <Filter>shaders</Filter>
    </None>
    <None Include="shaders\vertex_shader.glsl">
      <Filter>shaders</Filter>
    </None>
  </ItemGroup>
  <ItemGroup>
    <ClInclude Include="car.h">
      <Filter>Header Files</Filter>
    </ClInclude>
    <ClInclude Include="headers\city.h">
      <Filter>Header Files</Filter>
    </ClInclude>
    <ClInclude Include="headers\cube.h">
      <Filter>Header Files</Filter>
    </ClInclude>
    <ClInclude Include="headers\model.h">
      <Filter>Header Files</Filter>
    </ClInclude>
    <ClInclude Include="headers\shader.h">
      <Filter>Header Files</Filter>
    </ClInclude>
    <ClInclude Include="headers\stb_image.h">
      <Filter>Header Files</Filter>
    </ClInclude>
    <ClInclude Include="headers\terrain.h">
      <Filter>Header Files</Filter>
    </ClInclude>
    <ClInclude Include="headers\tiny_obj_loader.h">
      <Filter>Header Files</Filter>
    </ClInclude>
  </ItemGroup>
  <ItemGroup>
    <Image Include="textures\colormap.png">
      <Filter>Textures</Filter>
    </Image>
    <Image Include="textures\colormap_house.png">
      <Filter>Textures</Filter>
    </Image>
    <Image Include="textures\Grass008.jpg">
      <Filter>Textures</Filter>
    </Image>
    <Image Include="textures\variation-a.png">
      <Filter>Textures</Filter>
    </Image>
  </ItemGroup>
</Project>